
Microsoft Visual Studio Solution File, Format Version 12.00
# Visual Studio 14
VisualStudioVersion = 14.0.25420.1
MinimumVisualStudioVersion = 10.0.40219.1
Project("{FAE04EC0-301F-11D3-BF4B-00C04F79EFBC}") = "ASPPattern01", "ASPPattern01\ASPPattern01.csproj", "{E8FB0754-76CF-45B3-9CD5-6AE21F8F1B2A}"
EndProject
Project("{FAE04EC0-301F-11D3-BF4B-00C04F79EFBC}") = "ASPPatterns.Chap6.EventTickets.HTTPHost", "ASPPatterns.Chap6.EventTickets.HTTPHost\ASPPatterns.Chap6.EventTickets.HTTPHost.csproj", "{AF193441-083E-4701-9890-752B12EC07F0}"
EndProject
Project("{FAE04EC0-301F-11D3-BF4B-00C04F79EFBC}") = "ASPPatterns.Chap6.EventTickets.ServiceProxy", "ASPPatterns.Chap6.EventTickets.ServiceProxy\ASPPatterns.Chap6.EventTickets.ServiceProxy.csproj", "{CCB7DF2E-E0B4-483B-84DE-24A0E89047F9}"
EndProject
Project("{FAE04EC0-301F-11D3-BF4B-00C04F79EFBC}") = "ASPPatterns.Chap6.EventTickets.WebShop", "ASPPatterns.Chap6.EventTickets.WebShop\ASPPatterns.Chap6.EventTickets.WebShop.csproj", "{0715D63E-1E40-457B-AA2C-9466CC888CAF}"
EndProject
Global
	GlobalSection(SolutionConfigurationPlatforms) = preSolution
		Debug|Any CPU = Debug|Any CPU
		Release|Any CPU = Release|Any CPU
	EndGlobalSection
	GlobalSection(ProjectConfigurationPlatforms) = postSolution
		{E8FB0754-76CF-45B3-9CD5-6AE21F8F1B2A}.Debug|Any CPU.ActiveCfg = Debug|Any CPU
		{E8FB0754-76CF-45B3-9CD5-6AE21F8F1B2A}.Debug|Any CPU.Build.0 = Debug|Any CPU
		{E8FB0754-76CF-45B3-9CD5-6AE21F8F1B2A}.Release|Any CPU.ActiveCfg = Release|Any CPU
		{E8FB0754-76CF-45B3-9CD5-6AE21F8F1B2A}.Release|Any CPU.Build.0 = Release|Any CPU
		{AF193441-083E-4701-9890-752B12EC07F0}.Debug|Any CPU.ActiveCfg = Debug|Any CPU
		{AF193441-083E-4701-9890-752B12EC07F0}.Debug|Any CPU.Build.0 = Debug|Any CPU
		{AF193441-083E-4701-9890-752B12EC07F0}.Release|Any CPU.ActiveCfg = Release|Any CPU
		{AF193441-083E-4701-9890-752B12EC07F0}.Release|Any CPU.Build.0 = Release|Any CPU
		{CCB7DF2E-E0B4-483B-84DE-24A0E89047F9}.Debug|Any CPU.ActiveCfg = Debug|Any CPU
		{CCB7DF2E-E0B4-483B-84DE-24A0E89047F9}.Debug|Any CPU.Build.0 = Debug|Any CPU
		{CCB7DF2E-E0B4-483B-84DE-24A0E89047F9}.Release|Any CPU.ActiveCfg = Release|Any CPU
		{CCB7DF2E-E0B4-483B-84DE-24A0E89047F9}.Release|Any CPU.Build.0 = Release|Any CPU
		{0715D63E-1E40-457B-AA2C-9466CC888CAF}.Debug|Any CPU.ActiveCfg = Debug|Any CPU
		{0715D63E-1E40-457B-AA2C-9466CC888CAF}.Debug|Any CPU.Build.0 = Debug|Any CPU
		{0715D63E-1E40-457B-AA2C-9466CC888CAF}.Release|Any CPU.ActiveCfg = Release|Any CPU
		{0715D63E-1E40-457B-AA2C-9466CC888CAF}.Release|Any CPU.Build.0 = Release|Any CPU
	EndGlobalSection
	GlobalSection(SolutionProperties) = preSolution
		HideSolutionNode = FALSE
	EndGlobalSection
EndGlobal
