
Microsoft Visual Studio Solution File, Format Version 12.00
# Visual Studio 15
VisualStudioVersion = 15.0.28307.852
MinimumVisualStudioVersion = 10.0.40219.1
Project("{FAE04EC0-301F-11D3-BF4B-00C04F79EFBC}") = "ASPPatterns.Chap3.SmartUI", "ASPPatterns.Chap3.SmartUI\ASPPatterns.Chap3.SmartUI.csproj", "{B0B8FE37-E84D-4B71-A7B9-A54A3FA01072}"
EndProject
Global
	GlobalSection(SolutionConfigurationPlatforms) = preSolution
		Debug|Any CPU = Debug|Any CPU
		Release|Any CPU = Release|Any CPU
	EndGlobalSection
	GlobalSection(ProjectConfigurationPlatforms) = postSolution
		{B0B8FE37-E84D-4B71-A7B9-A54A3FA01072}.Debug|Any CPU.ActiveCfg = Debug|Any CPU
		{B0B8FE37-E84D-4B71-A7B9-A54A3FA01072}.Debug|Any CPU.Build.0 = Debug|Any CPU
		{B0B8FE37-E84D-4B71-A7B9-A54A3FA01072}.Release|Any CPU.ActiveCfg = Release|Any CPU
		{B0B8FE37-E84D-4B71-A7B9-A54A3FA01072}.Release|Any CPU.Build.0 = Release|Any CPU
	EndGlobalSection
	GlobalSection(SolutionProperties) = preSolution
		HideSolutionNode = FALSE
	EndGlobalSection
	GlobalSection(ExtensibilityGlobals) = postSolution
		SolutionGuid = {B83AE78E-8251-4E4D-9819-870958229FBA}
	EndGlobalSection
EndGlobal
